
Microsoft Visual Studio Solution File, Format Version 12.00
# Visual Studio 2012
Project("{FAE04EC0-301F-11D3-BF4B-00C04F79EFBC}") = "termProject", "termProject\termProject.csproj", "{BA0B207F-CD90-4C6D-B7F9-750ED4B47BE4}"
EndProject
Project("{FAE04EC0-301F-11D3-BF4B-00C04F79EFBC}") = "Utilities", "Utilities\Utilities.csproj", "{710E6CB9-CBA0-47B7-8953-1D0DE0A19857}"
EndProject
Project("{FAE04EC0-301F-11D3-BF4B-00C04F79EFBC}") = "termProjectLibrary", "termProjectLibrary\termProjectLibrary.csproj", "{8B8CDAAE-625E-4D0B-ADA2-E8E220DC6A4B}"
EndProject
Project("{FAE04EC0-301F-11D3-BF4B-00C04F79EFBC}") = "termProjectWS", "termProjectWS\termProjectWS.csproj", "{BD5F5BDB-2962-456B-B8D5-B0793DD5D009}"
EndProject
Project("{FAE04EC0-301F-11D3-BF4B-00C04F79EFBC}") = "Project3WS", "Project3WS\Project3WS.csproj", "{FC0A7F5A-22B6-408F-AD3B-A78711EBF1E9}"
EndProject
Global
	GlobalSection(SolutionConfigurationPlatforms) = preSolution
		Debug|Any CPU = Debug|Any CPU
		Release|Any CPU = Release|Any CPU
	EndGlobalSection
	GlobalSection(ProjectConfigurationPlatforms) = postSolution
		{BA0B207F-CD90-4C6D-B7F9-750ED4B47BE4}.Debug|Any CPU.ActiveCfg = Debug|Any CPU
		{BA0B207F-CD90-4C6D-B7F9-750ED4B47BE4}.Debug|Any CPU.Build.0 = Debug|Any CPU
		{BA0B207F-CD90-4C6D-B7F9-750ED4B47BE4}.Release|Any CPU.ActiveCfg = Release|Any CPU
		{BA0B207F-CD90-4C6D-B7F9-750ED4B47BE4}.Release|Any CPU.Build.0 = Release|Any CPU
		{710E6CB9-CBA0-47B7-8953-1D0DE0A19857}.Debug|Any CPU.ActiveCfg = Debug|Any CPU
		{710E6CB9-CBA0-47B7-8953-1D0DE0A19857}.Debug|Any CPU.Build.0 = Debug|Any CPU
		{710E6CB9-CBA0-47B7-8953-1D0DE0A19857}.Release|Any CPU.ActiveCfg = Release|Any CPU
		{710E6CB9-CBA0-47B7-8953-1D0DE0A19857}.Release|Any CPU.Build.0 = Release|Any CPU
		{8B8CDAAE-625E-4D0B-ADA2-E8E220DC6A4B}.Debug|Any CPU.ActiveCfg = Debug|Any CPU
		{8B8CDAAE-625E-4D0B-ADA2-E8E220DC6A4B}.Debug|Any CPU.Build.0 = Debug|Any CPU
		{8B8CDAAE-625E-4D0B-ADA2-E8E220DC6A4B}.Release|Any CPU.ActiveCfg = Release|Any CPU
		{8B8CDAAE-625E-4D0B-ADA2-E8E220DC6A4B}.Release|Any CPU.Build.0 = Release|Any CPU
		{BD5F5BDB-2962-456B-B8D5-B0793DD5D009}.Debug|Any CPU.ActiveCfg = Debug|Any CPU
		{BD5F5BDB-2962-456B-B8D5-B0793DD5D009}.Debug|Any CPU.Build.0 = Debug|Any CPU
		{BD5F5BDB-2962-456B-B8D5-B0793DD5D009}.Release|Any CPU.ActiveCfg = Release|Any CPU
		{BD5F5BDB-2962-456B-B8D5-B0793DD5D009}.Release|Any CPU.Build.0 = Release|Any CPU
		{FC0A7F5A-22B6-408F-AD3B-A78711EBF1E9}.Debug|Any CPU.ActiveCfg = Debug|Any CPU
		{FC0A7F5A-22B6-408F-AD3B-A78711EBF1E9}.Debug|Any CPU.Build.0 = Debug|Any CPU
		{FC0A7F5A-22B6-408F-AD3B-A78711EBF1E9}.Release|Any CPU.ActiveCfg = Release|Any CPU
		{FC0A7F5A-22B6-408F-AD3B-A78711EBF1E9}.Release|Any CPU.Build.0 = Release|Any CPU
	EndGlobalSection
	GlobalSection(SolutionProperties) = preSolution
		HideSolutionNode = FALSE
	EndGlobalSection
EndGlobal
